// !$*UTF8*$!
{
	archiveVersion = 1;
	classes = {
	};
	objectVersion = 77;
	objects = {

/* Begin PBXContainerItemProxy section */
		08F6C3AE2D952D0C005C3540 /* PBXContainerItemProxy */ = {
			isa = PBXContainerItemProxy;
			containerPortal = 08F6C3952D952D0B005C3540 /* Project object */;
			proxyType = 1;
			remoteGlobalIDString = 08F6C39C2D952D0B005C3540;
			remoteInfo = DevOpsApp;
		};
		08F6C3B82D952D0C005C3540 /* PBXContainerItemProxy */ = {
			isa = PBXContainerItemProxy;
			containerPortal = 08F6C3952D952D0B005C3540 /* Project object */;
			proxyType = 1;
			remoteGlobalIDString = 08F6C39C2D952D0B005C3540;
			remoteInfo = DevOpsApp;
		};
/* End PBXContainerItemProxy section */

/* Begin PBXFileReference section */
		08F6C39D2D952D0B005C3540 /* DevOpsApp.app */ = {isa = PBXFileReference; explicitFileType = wrapper.application; includeInIndex = 0; path = DevOpsApp.app; sourceTree = BUILT_PRODUCTS_DIR; };
		08F6C3AD2D952D0C005C3540 /* DevOpsAppTests.xctest */ = {isa = PBXFileReference; explicitFileType = wrapper.cfbundle; includeInIndex = 0; path = DevOpsAppTests.xctest; sourceTree = BUILT_PRODUCTS_DIR; };
		08F6C3B72D952D0C005C3540 /* DevOpsAppUITests.xctest */ = {isa = PBXFileReference; explicitFileType = wrapper.cfbundle; includeInIndex = 0; path = DevOpsAppUITests.xctest; sourceTree = BUILT_PRODUCTS_DIR; };
/* End PBXFileReference section */

/* Begin PBXFileSystemSynchronizedRootGroup section */
		08F6C39F2D952D0B005C3540 /* DevOpsApp */ = {
			isa = PBXFileSystemSynchronizedRootGroup;
			path = DevOpsApp;
			sourceTree = "<group>";
		};
		08F6C3B02D952D0C005C3540 /* DevOpsAppTests */ = {
			isa = PBXFileSystemSynchronizedRootGroup;
			path = DevOpsAppTests;
			sourceTree = "<group>";
		};
		08F6C3BA2D952D0C005C3540 /* DevOpsAppUITests */ = {
			isa = PBXFileSystemSynchronizedRootGroup;
			path = DevOpsAppUITests;
			sourceTree = "<group>";
		};
/* End PBXFileSystemSynchronizedRootGroup section */

/* Begin PBXFrameworksBuildPhase section */
		08F6C39A2D952D0B005C3540 /* Frameworks */ = {
			isa = PBXFrameworksBuildPhase;
			buildActionMask = 2147483647;
			files = (
			);
			runOnlyForDeploymentPostprocessing = 0;
		};
		08F6C3AA2D952D0C005C3540 /* Frameworks */ = {
			isa = PBXFrameworksBuildPhase;
			buildActionMask = 2147483647;
			files = (
			);
			runOnlyForDeploymentPostprocessing = 0;
		};
		08F6C3B42D952D0C005C3540 /* Frameworks */ = {
			isa = PBXFrameworksBuildPhase;
			buildActionMask = 2147483647;
			files = (
			);
			runOnlyForDeploymentPostprocessing = 0;
		};
/* End PBXFrameworksBuildPhase section */

/* Begin PBXGroup section */
		08F6C3942D952D0B005C3540 = {
			isa = PBXGroup;
			children = (
				08F6C39F2D952D0B005C3540 /* DevOpsApp */,
				08F6C3B02D952D0C005C3540 /* DevOpsAppTests */,
				08F6C3BA2D952D0C005C3540 /* DevOpsAppUITests */,
				08F6C39E2D952D0B005C3540 /* Products */,
			);
			sourceTree = "<group>";
		};
		08F6C39E2D952D0B005C3540 /* Products */ = {
			isa = PBXGroup;
			children = (
				08F6C39D2D952D0B005C3540 /* DevOpsApp.app */,
				08F6C3AD2D952D0C005C3540 /* DevOpsAppTests.xctest */,
				08F6C3B72D952D0C005C3540 /* DevOpsAppUITests.xctest */,
			);
			name = Products;
			sourceTree = "<group>";
		};
/* End PBXGroup section */

/* Begin PBXNativeTarget section */
		08F6C39C2D952D0B005C3540 /* DevOpsApp */ = {
			isa = PBXNativeTarget;
			buildConfigurationList = 08F6C3C12D952D0C005C3540 /* Build configuration list for PBXNativeTarget "DevOpsApp" */;
			buildPhases = (
				08F6C3992D952D0B005C3540 /* Sources */,
				08F6C39A2D952D0B005C3540 /* Frameworks */,
				08F6C39B2D952D0B005C3540 /* Resources */,
			);
			buildRules = (
			);
			dependencies = (
			);
			fileSystemSynchronizedGroups = (
				08F6C39F2D952D0B005C3540 /* DevOpsApp */,
			);
			name = DevOpsApp;
			packageProductDependencies = (
			);
			productName = DevOpsApp;
			productReference = 08F6C39D2D952D0B005C3540 /* DevOpsApp.app */;
			productType = "com.apple.product-type.application";
		};
		08F6C3AC2D952D0C005C3540 /* DevOpsAppTests */ = {
			isa = PBXNativeTarget;
			buildConfigurationList = 08F6C3C42D952D0C005C3540 /* Build configuration list for PBXNativeTarget "DevOpsAppTests" */;
			buildPhases = (
				08F6C3A92D952D0C005C3540 /* Sources */,
				08F6C3AA2D952D0C005C3540 /* Frameworks */,
				08F6C3AB2D952D0C005C3540 /* Resources */,
			);
			buildRules = (
			);
			dependencies = (
				08F6C3AF2D952D0C005C3540 /* PBXTargetDependency */,
			);
			fileSystemSynchronizedGroups = (
				08F6C3B02D952D0C005C3540 /* DevOpsAppTests */,
			);
			name = DevOpsAppTests;
			packageProductDependencies = (
			);
			productName = DevOpsAppTests;
			productReference = 08F6C3AD2D952D0C005C3540 /* DevOpsAppTests.xctest */;
			productType = "com.apple.product-type.bundle.unit-test";
		};
		08F6C3B62D952D0C005C3540 /* DevOpsAppUITests */ = {
			isa = PBXNativeTarget;
			buildConfigurationList = 08F6C3C72D952D0C005C3540 /* Build configuration list for PBXNativeTarget "DevOpsAppUITests" */;
			buildPhases = (
				08F6C3B32D952D0C005C3540 /* Sources */,
				08F6C3B42D952D0C005C3540 /* Frameworks */,
				08F6C3B52D952D0C005C3540 /* Resources */,
			);
			buildRules = (
			);
			dependencies = (
				08F6C3B92D952D0C005C3540 /* PBXTargetDependency */,
			);
			fileSystemSynchronizedGroups = (
				08F6C3BA2D952D0C005C3540 /* DevOpsAppUITests */,
			);
			name = DevOpsAppUITests;
			packageProductDependencies = (
			);
			productName = DevOpsAppUITests;
			productReference = 08F6C3B72D952D0C005C3540 /* DevOpsAppUITests.xctest */;
			productType = "com.apple.product-type.bundle.ui-testing";
		};
/* End PBXNativeTarget section */

/* Begin PBXProject section */
		08F6C3952D952D0B005C3540 /* Project object */ = {
			isa = PBXProject;
			attributes = {
				BuildIndependentTargetsInParallel = 1;
				LastSwiftUpdateCheck = 1620;
				LastUpgradeCheck = 1620;
				TargetAttributes = {
					08F6C39C2D952D0B005C3540 = {
						CreatedOnToolsVersion = 16.2;
					};
					08F6C3AC2D952D0C005C3540 = {
						CreatedOnToolsVersion = 16.2;
						TestTargetID = 08F6C39C2D952D0B005C3540;
					};
					08F6C3B62D952D0C005C3540 = {
						CreatedOnToolsVersion = 16.2;
						TestTargetID = 08F6C39C2D952D0B005C3540;
					};
				};
			};
			buildConfigurationList = 08F6C3982D952D0B005C3540 /* Build configuration list for PBXProject "DevOpsApp" */;
			developmentRegion = en;
			hasScannedForEncodings = 0;
			knownRegions = (
				en,
				Base,
			);
			mainGroup = 08F6C3942D952D0B005C3540;
			minimizedProjectReferenceProxies = 1;
			preferredProjectObjectVersion = 77;
			productRefGroup = 08F6C39E2D952D0B005C3540 /* Products */;
			projectDirPath = "";
			projectRoot = "";
			targets = (
				08F6C39C2D952D0B005C3540 /* DevOpsApp */,
				08F6C3AC2D952D0C005C3540 /* DevOpsAppTests */,
				08F6C3B62D952D0C005C3540 /* DevOpsAppUITests */,
			);
		};
/* End PBXProject section */

/* Begin PBXResourcesBuildPhase section */
		08F6C39B2D952D0B005C3540 /* Resources */ = {
			isa = PBXResourcesBuildPhase;
			buildActionMask = 2147483647;
			files = (
			);
			runOnlyForDeploymentPostprocessing = 0;
		};
		08F6C3AB2D952D0C005C3540 /* Resources */ = {
			isa = PBXResourcesBuildPhase;
			buildActionMask = 2147483647;
			files = (
			);
			runOnlyForDeploymentPostprocessing = 0;
		};
		08F6C3B52D952D0C005C3540 /* Resources */ = {
			isa = PBXResourcesBuildPhase;
			buildActionMask = 2147483647;
			files = (
			);
			runOnlyForDeploymentPostprocessing = 0;
		};
/* End PBXResourcesBuildPhase section */

/* Begin PBXSourcesBuildPhase section */
		08F6C3992D952D0B005C3540 /* Sources */ = {
			isa = PBXSourcesBuildPhase;
			buildActionMask = 2147483647;
			files = (
			);
			runOnlyForDeploymentPostprocessing = 0;
		};
		08F6C3A92D952D0C005C3540 /* Sources */ = {
			isa = PBXSourcesBuildPhase;
			buildActionMask = 2147483647;
			files = (
			);
			runOnlyForDeploymentPostprocessing = 0;
		};
		08F6C3B32D952D0C005C3540 /* Sources */ = {
			isa = PBXSourcesBuildPhase;
			buildActionMask = 2147483647;
			files = (
			);
			runOnlyForDeploymentPostprocessing = 0;
		};
/* End PBXSourcesBuildPhase section */

/* Begin PBXTargetDependency section */
		08F6C3AF2D952D0C005C3540 /* PBXTargetDependency */ = {
			isa = PBXTargetDependency;
			target = 08F6C39C2D952D0B005C3540 /* DevOpsApp */;
			targetProxy = 08F6C3AE2D952D0C005C3540 /* PBXContainerItemProxy */;
		};
		08F6C3B92D952D0C005C3540 /* PBXTargetDependency */ = {
			isa = PBXTargetDependency;
			target = 08F6C39C2D952D0B005C3540 /* DevOpsApp */;
			targetProxy = 08F6C3B82D952D0C005C3540 /* PBXContainerItemProxy */;
		};
/* End PBXTargetDependency section */

/* Begin XCBuildConfiguration section */
		08F6C3BF2D952D0C005C3540 /* Debug */ = {
			isa = XCBuildConfiguration;
			buildSettings = {
				ALWAYS_SEARCH_USER_PATHS = NO;
				ASSETCATALOG_COMPILER_GENERATE_SWIFT_ASSET_SYMBOL_EXTENSIONS = YES;
				CLANG_ANALYZER_NONNULL = YES;
				CLANG_ANALYZER_NUMBER_OBJECT_CONVERSION = YES_AGGRESSIVE;
				CLANG_CXX_LANGUAGE_STANDARD = "gnu++20";
				CLANG_ENABLE_MODULES = YES;
				CLANG_ENABLE_OBJC_ARC = YES;
				CLANG_ENABLE_OBJC_WEAK = YES;
				CLANG_WARN_BLOCK_CAPTURE_AUTORELEASING = YES;
				CLANG_WARN_BOOL_CONVERSION = YES;
				CLANG_WARN_COMMA = YES;
				CLANG_WARN_CONSTANT_CONVERSION = YES;
				CLANG_WARN_DEPRECATED_OBJC_IMPLEMENTATIONS = YES;
				CLANG_WARN_DIRECT_OBJC_ISA_USAGE = YES_ERROR;
				CLANG_WARN_DOCUMENTATION_COMMENTS = YES;
				CLANG_WARN_EMPTY_BODY = YES;
				CLANG_WARN_ENUM_CONVERSION = YES;
				CLANG_WARN_INFINITE_RECURSION = YES;
				CLANG_WARN_INT_CONVERSION = YES;
				CLANG_WARN_NON_LITERAL_NULL_CONVERSION = YES;
				CLANG_WARN_OBJC_IMPLICIT_RETAIN_SELF = YES;
				CLANG_WARN_OBJC_LITERAL_CONVERSION = YES;
				CLANG_WARN_OBJC_ROOT_CLASS = YES_ERROR;
				CLANG_WARN_QUOTED_INCLUDE_IN_FRAMEWORK_HEADER = YES;
				CLANG_WARN_RANGE_LOOP_ANALYSIS = YES;
				CLANG_WARN_STRICT_PROTOTYPES = YES;
				CLANG_WARN_SUSPICIOUS_MOVE = YES;
				CLANG_WARN_UNGUARDED_AVAILABILITY = YES_AGGRESSIVE;
				CLANG_WARN_UNREACHABLE_CODE = YES;
				CLANG_WARN__DUPLICATE_METHOD_MATCH = YES;
				COPY_PHASE_STRIP = NO;
				DEBUG_INFORMATION_FORMAT = dwarf;
				ENABLE_STRICT_OBJC_MSGSEND = YES;
				ENABLE_TESTABILITY = YES;
				ENABLE_USER_SCRIPT_SANDBOXING = YES;
				GCC_C_LANGUAGE_STANDARD = gnu17;
				GCC_DYNAMIC_NO_PIC = NO;
				GCC_NO_COMMON_BLOCKS = YES;
				GCC_OPTIMIZATION_LEVEL = 0;
				GCC_PREPROCESSOR_DEFINITIONS = (
					"DEBUG=1",
					"$(inherited)",
				);
				GCC_WARN_64_TO_32_BIT_CONVERSION = YES;
				GCC_WARN_ABOUT_RETURN_TYPE = YES_ERROR;
				GCC_WARN_UNDECLARED_SELECTOR = YES;
				GCC_WARN_UNINITIALIZED_AUTOS = YES_AGGRESSIVE;
				GCC_WARN_UNUSED_FUNCTION = YES;
				GCC_WARN_UNUSED_VARIABLE = YES;
				IPHONEOS_DEPLOYMENT_TARGET = 18.2;
				LOCALIZATION_PREFERS_STRING_CATALOGS = YES;
				MTL_ENABLE_DEBUG_INFO = INCLUDE_SOURCE;
				MTL_FAST_MATH = YES;
				ONLY_ACTIVE_ARCH = YES;
				SDKROOT = iphoneos;
				SWIFT_ACTIVE_COMPILATION_CONDITIONS = "DEBUG $(inherited)";
				SWIFT_OPTIMIZATION_LEVEL = "-Onone";
			};
			name = Debug;
		};
		08F6C3C02D952D0C005C3540 /* Release */ = {
			isa = XCBuildConfiguration;
			buildSettings = {
				ALWAYS_SEARCH_USER_PATHS = NO;
				ASSETCATALOG_COMPILER_GENERATE_SWIFT_ASSET_SYMBOL_EXTENSIONS = YES;
				CLANG_ANALYZER_NONNULL = YES;
				CLANG_ANALYZER_NUMBER_OBJECT_CONVERSION = YES_AGGRESSIVE;
				CLANG_CXX_LANGUAGE_STANDARD = "gnu++20";
				CLANG_ENABLE_MODULES = YES;
				CLANG_ENABLE_OBJC_ARC = YES;
				CLANG_ENABLE_OBJC_WEAK = YES;
				CLANG_WARN_BLOCK_CAPTURE_AUTORELEASING = YES;
				CLANG_WARN_BOOL_CONVERSION = YES;
				CLANG_WARN_COMMA = YES;
				CLANG_WARN_CONSTANT_CONVERSION = YES;
				CLANG_WARN_DEPRECATED_OBJC_IMPLEMENTATIONS = YES;
				CLANG_WARN_DIRECT_OBJC_ISA_USAGE = YES_ERROR;
				CLANG_WARN_DOCUMENTATION_COMMENTS = YES;
				CLANG_WARN_EMPTY_BODY = YES;
				CLANG_WARN_ENUM_CONVERSION = YES;
				CLANG_WARN_INFINITE_RECURSION = YES;
				CLANG_WARN_INT_CONVERSION = YES;
				CLANG_WARN_NON_LITERAL_NULL_CONVERSION = YES;
				CLANG_WARN_OBJC_IMPLICIT_RETAIN_SELF = YES;
				CLANG_WARN_OBJC_LITERAL_CONVERSION = YES;
				CLANG_WARN_OBJC_ROOT_CLASS = YES_ERROR;
				CLANG_WARN_QUOTED_INCLUDE_IN_FRAMEWORK_HEADER = YES;
				CLANG_WARN_RANGE_LOOP_ANALYSIS = YES;
				CLANG_WARN_STRICT_PROTOTYPES = YES;
				CLANG_WARN_SUSPICIOUS_MOVE = YES;
				CLANG_WARN_UNGUARDED_AVAILABILITY = YES_AGGRESSIVE;
				CLANG_WARN_UNREACHABLE_CODE = YES;
				CLANG_WARN__DUPLICATE_METHOD_MATCH = YES;
				COPY_PHASE_STRIP = NO;
				DEBUG_INFORMATION_FORMAT = "dwarf-with-dsym";
				ENABLE_NS_ASSERTIONS = NO;
				ENABLE_STRICT_OBJC_MSGSEND = YES;
				ENABLE_USER_SCRIPT_SANDBOXING = YES;
				GCC_C_LANGUAGE_STANDARD = gnu17;
				GCC_NO_COMMON_BLOCKS = YES;
				GCC_WARN_64_TO_32_BIT_CONVERSION = YES;
				GCC_WARN_ABOUT_RETURN_TYPE = YES_ERROR;
				GCC_WARN_UNDECLARED_SELECTOR = YES;
				GCC_WARN_UNINITIALIZED_AUTOS = YES_AGGRESSIVE;
				GCC_WARN_UNUSED_FUNCTION = YES;
				GCC_WARN_UNUSED_VARIABLE = YES;
				IPHONEOS_DEPLOYMENT_TARGET = 18.2;
				LOCALIZATION_PREFERS_STRING_CATALOGS = YES;
				MTL_ENABLE_DEBUG_INFO = NO;
				MTL_FAST_MATH = YES;
				SDKROOT = iphoneos;
				SWIFT_COMPILATION_MODE = wholemodule;
				VALIDATE_PRODUCT = YES;
			};
			name = Release;
		};
		08F6C3C22D952D0C005C3540 /* Debug */ = {
			isa = XCBuildConfiguration;
			buildSettings = {
				ASSETCATALOG_COMPILER_APPICON_NAME = AppIcon;
				ASSETCATALOG_COMPILER_GLOBAL_ACCENT_COLOR_NAME = AccentColor;
				CODE_SIGN_STYLE = Automatic;
				CURRENT_PROJECT_VERSION = 1;
				DEVELOPMENT_ASSET_PATHS = "\"DevOpsApp/Preview Content\"";
				DEVELOPMENT_TEAM = 5G7N8545Y2;
				ENABLE_PREVIEWS = YES;
				GENERATE_INFOPLIST_FILE = YES;
				INFOPLIST_KEY_UIApplicationSceneManifest_Generation = YES;
				INFOPLIST_KEY_UIApplicationSupportsIndirectInputEvents = YES;
				INFOPLIST_KEY_UILaunchScreen_Generation = YES;
				INFOPLIST_KEY_UISupportedInterfaceOrientations_iPad = "UIInterfaceOrientationPortrait UIInterfaceOrientationPortraitUpsideDown UIInterfaceOrientationLandscapeLeft UIInterfaceOrientationLandscapeRight";
				INFOPLIST_KEY_UISupportedInterfaceOrientations_iPhone = "UIInterfaceOrientationPortrait UIInterfaceOrientationLandscapeLeft UIInterfaceOrientationLandscapeRight";
				LD_RUNPATH_SEARCH_PATHS = (
					"$(inherited)",
					"@executable_path/Frameworks",
				);
				MARKETING_VERSION = 1.0;
				PRODUCT_BUNDLE_IDENTIFIER = JssnThony.DevOpsApp;
				PRODUCT_NAME = "$(TARGET_NAME)";
				SWIFT_EMIT_LOC_STRINGS = YES;
				SWIFT_VERSION = 5.0;
				TARGETED_DEVICE_FAMILY = "1,2";
			};
			name = Debug;
		};
		08F6C3C32D952D0C005C3540 /* Release */ = {
			isa = XCBuildConfiguration;
			buildSettings = {
				ASSETCATALOG_COMPILER_APPICON_NAME = AppIcon;
				ASSETCATALOG_COMPILER_GLOBAL_ACCENT_COLOR_NAME = AccentColor;
				CODE_SIGN_STYLE = Automatic;
				CURRENT_PROJECT_VERSION = 1;
				DEVELOPMENT_ASSET_PATHS = "\"DevOpsApp/Preview Content\"";
				DEVELOPMENT_TEAM = 5G7N8545Y2;
				ENABLE_PREVIEWS = YES;
				GENERATE_INFOPLIST_FILE = YES;
				INFOPLIST_KEY_UIApplicationSceneManifest_Generation = YES;
				INFOPLIST_KEY_UIApplicationSupportsIndirectInputEvents = YES;
				INFOPLIST_KEY_UILaunchScreen_Generation = YES;
				INFOPLIST_KEY_UISupportedInterfaceOrientations_iPad = "UIInterfaceOrientationPortrait UIInterfaceOrientationPortraitUpsideDown UIInterfaceOrientationLandscapeLeft UIInterfaceOrientationLandscapeRight";
				INFOPLIST_KEY_UISupportedInterfaceOrientations_iPhone = "UIInterfaceOrientationPortrait UIInterfaceOrientationLandscapeLeft UIInterfaceOrientationLandscapeRight";
				LD_RUNPATH_SEARCH_PATHS = (
					"$(inherited)",
					"@executable_path/Frameworks",
				);
				MARKETING_VERSION = 1.0;
				PRODUCT_BUNDLE_IDENTIFIER = JssnThony.DevOpsApp;
				PRODUCT_NAME = "$(TARGET_NAME)";
				SWIFT_EMIT_LOC_STRINGS = YES;
				SWIFT_VERSION = 5.0;
				TARGETED_DEVICE_FAMILY = "1,2";
			};
			name = Release;
		};
		08F6C3C52D952D0C005C3540 /* Debug */ = {
			isa = XCBuildConfiguration;
			buildSettings = {
				BUNDLE_LOADER = "$(TEST_HOST)";
				CODE_SIGN_STYLE = Automatic;
				CURRENT_PROJECT_VERSION = 1;
				DEVELOPMENT_TEAM = 5G7N8545Y2;
				GENERATE_INFOPLIST_FILE = YES;
				IPHONEOS_DEPLOYMENT_TARGET = 18.2;
				MARKETING_VERSION = 1.0;
				PRODUCT_BUNDLE_IDENTIFIER = JssnThony.DevOpsAppTests;
				PRODUCT_NAME = "$(TARGET_NAME)";
				SWIFT_EMIT_LOC_STRINGS = NO;
				SWIFT_VERSION = 5.0;
				TARGETED_DEVICE_FAMILY = "1,2";
				TEST_HOST = "$(BUILT_PRODUCTS_DIR)/DevOpsApp.app/$(BUNDLE_EXECUTABLE_FOLDER_PATH)/DevOpsApp";
			};
			name = Debug;
		};
		08F6C3C62D952D0C005C3540 /* Release */ = {
			isa = XCBuildConfiguration;
			buildSettings = {
				BUNDLE_LOADER = "$(TEST_HOST)";
				CODE_SIGN_STYLE = Automatic;
				CURRENT_PROJECT_VERSION = 1;
				DEVELOPMENT_TEAM = 5G7N8545Y2;
				GENERATE_INFOPLIST_FILE = YES;
				IPHONEOS_DEPLOYMENT_TARGET = 18.2;
				MARKETING_VERSION = 1.0;
				PRODUCT_BUNDLE_IDENTIFIER = JssnThony.DevOpsAppTests;
				PRODUCT_NAME = "$(TARGET_NAME)";
				SWIFT_EMIT_LOC_STRINGS = NO;
				SWIFT_VERSION = 5.0;
				TARGETED_DEVICE_FAMILY = "1,2";
				TEST_HOST = "$(BUILT_PRODUCTS_DIR)/DevOpsApp.app/$(BUNDLE_EXECUTABLE_FOLDER_PATH)/DevOpsApp";
			};
			name = Release;
		};
		08F6C3C82D952D0C005C3540 /* Debug */ = {
			isa = XCBuildConfiguration;
			buildSettings = {
				CODE_SIGN_STYLE = Automatic;
				CURRENT_PROJECT_VERSION = 1;
				DEVELOPMENT_TEAM = 5G7N8545Y2;
				GENERATE_INFOPLIST_FILE = YES;
				MARKETING_VERSION = 1.0;
				PRODUCT_BUNDLE_IDENTIFIER = JssnThony.DevOpsAppUITests;
				PRODUCT_NAME = "$(TARGET_NAME)";
				SWIFT_EMIT_LOC_STRINGS = NO;
				SWIFT_VERSION = 5.0;
				TARGETED_DEVICE_FAMILY = "1,2";
				TEST_TARGET_NAME = DevOpsApp;
			};
			name = Debug;
		};
		08F6C3C92D952D0C005C3540 /* Release */ = {
			isa = XCBuildConfiguration;
			buildSettings = {
				CODE_SIGN_STYLE = Automatic;
				CURRENT_PROJECT_VERSION = 1;
				DEVELOPMENT_TEAM = 5G7N8545Y2;
				GENERATE_INFOPLIST_FILE = YES;
				MARKETING_VERSION = 1.0;
				PRODUCT_BUNDLE_IDENTIFIER = JssnThony.DevOpsAppUITests;
				PRODUCT_NAME = "$(TARGET_NAME)";
				SWIFT_EMIT_LOC_STRINGS = NO;
				SWIFT_VERSION = 5.0;
				TARGETED_DEVICE_FAMILY = "1,2";
				TEST_TARGET_NAME = DevOpsApp;
			};
			name = Release;
		};
/* End XCBuildConfiguration section */

/* Begin XCConfigurationList section */
		08F6C3982D952D0B005C3540 /* Build configuration list for PBXProject "DevOpsApp" */ = {
			isa = XCConfigurationList;
			buildConfigurations = (
				08F6C3BF2D952D0C005C3540 /* Debug */,
				08F6C3C02D952D0C005C3540 /* Release */,
			);
			defaultConfigurationIsVisible = 0;
			defaultConfigurationName = Release;
		};
		08F6C3C12D952D0C005C3540 /* Build configuration list for PBXNativeTarget "DevOpsApp" */ = {
			isa = XCConfigurationList;
			buildConfigurations = (
				08F6C3C22D952D0C005C3540 /* Debug */,
				08F6C3C32D952D0C005C3540 /* Release */,
			);
			defaultConfigurationIsVisible = 0;
			defaultConfigurationName = Release;
		};
		08F6C3C42D952D0C005C3540 /* Build configuration list for PBXNativeTarget "DevOpsAppTests" */ = {
			isa = XCConfigurationList;
			buildConfigurations = (
				08F6C3C52D952D0C005C3540 /* Debug */,
				08F6C3C62D952D0C005C3540 /* Release */,
			);
			defaultConfigurationIsVisible = 0;
			defaultConfigurationName = Release;
		};
		08F6C3C72D952D0C005C3540 /* Build configuration list for PBXNativeTarget "DevOpsAppUITests" */ = {
			isa = XCConfigurationList;
			buildConfigurations = (
				08F6C3C82D952D0C005C3540 /* Debug */,
				08F6C3C92D952D0C005C3540 /* Release */,
			);
			defaultConfigurationIsVisible = 0;
			defaultConfigurationName = Release;
		};
/* End XCConfigurationList section */
	};
	rootObject = 08F6C3952D952D0B005C3540 /* Project object */;
}
