
Microsoft Visual Studio Solution File, Format Version 12.00
# Visual Studio Version 17
VisualStudioVersion = 17.1.32210.238
MinimumVisualStudioVersion = 10.0.40219.1
Project("{9A19103F-16F7-4668-BE54-9A1E7A4F7556}") = "DevOpsGateway", "DevOpsGateway\DevOpsGateway.csproj", "{352C51F2-75FB-46BF-A7A1-C456474DB44E}"
EndProject
Project("{9A19103F-16F7-4668-BE54-9A1E7A4F7556}") = "DevOpsController", "DevOpsController\DevOpsController.csproj", "{617B5A74-22B8-461F-BA5B-184ED19C6CD9}"
EndProject
Project("{FAE04EC0-301F-11D3-BF4B-00C04F79EFBC}") = "Models", "Models\Models.csproj", "{5C9CD842-5C0C-4541-957D-3A870FB5CE59}"
EndProject
Global
	GlobalSection(SolutionConfigurationPlatforms) = preSolution
		Debug|Any CPU = Debug|Any CPU
		Release|Any CPU = Release|Any CPU
	EndGlobalSection
	GlobalSection(ProjectConfigurationPlatforms) = postSolution
		{352C51F2-75FB-46BF-A7A1-C456474DB44E}.Debug|Any CPU.ActiveCfg = Debug|Any CPU
		{352C51F2-75FB-46BF-A7A1-C456474DB44E}.Debug|Any CPU.Build.0 = Debug|Any CPU
		{352C51F2-75FB-46BF-A7A1-C456474DB44E}.Release|Any CPU.ActiveCfg = Release|Any CPU
		{352C51F2-75FB-46BF-A7A1-C456474DB44E}.Release|Any CPU.Build.0 = Release|Any CPU
		{617B5A74-22B8-461F-BA5B-184ED19C6CD9}.Debug|Any CPU.ActiveCfg = Debug|Any CPU
		{617B5A74-22B8-461F-BA5B-184ED19C6CD9}.Debug|Any CPU.Build.0 = Debug|Any CPU
		{617B5A74-22B8-461F-BA5B-184ED19C6CD9}.Release|Any CPU.ActiveCfg = Release|Any CPU
		{617B5A74-22B8-461F-BA5B-184ED19C6CD9}.Release|Any CPU.Build.0 = Release|Any CPU
		{5C9CD842-5C0C-4541-957D-3A870FB5CE59}.Debug|Any CPU.ActiveCfg = Debug|Any CPU
		{5C9CD842-5C0C-4541-957D-3A870FB5CE59}.Debug|Any CPU.Build.0 = Debug|Any CPU
		{5C9CD842-5C0C-4541-957D-3A870FB5CE59}.Release|Any CPU.ActiveCfg = Release|Any CPU
		{5C9CD842-5C0C-4541-957D-3A870FB5CE59}.Release|Any CPU.Build.0 = Release|Any CPU
	EndGlobalSection
	GlobalSection(SolutionProperties) = preSolution
		HideSolutionNode = FALSE
	EndGlobalSection
	GlobalSection(ExtensibilityGlobals) = postSolution
		SolutionGuid = {49A10AAE-8232-45B3-842C-AF3952CE7594}
	EndGlobalSection
EndGlobal
