
Microsoft Visual Studio Solution File, Format Version 12.00
# Visual Studio Version 17
VisualStudioVersion = 17.1.32210.238
MinimumVisualStudioVersion = 10.0.40219.1
Project("{9092AA53-FB77-4645-B42D-1CCCA6BD08BD}") = "DevOpsUI", "DevOpsUI\DevOpsUI.njsproj", "{F1DDC6FF-0603-4AAB-9830-1B3E02B6CBF2}"
EndProject
Project("{FAE04EC0-301F-11D3-BF4B-00C04F79EFBC}") = "DevOpsGateway", "DevOpsGateway\DevOpsGateway.csproj", "{352C51F2-75FB-46BF-A7A1-C456474DB44E}"
EndProject
Project("{FAE04EC0-301F-11D3-BF4B-00C04F79EFBC}") = "DevOpsController", "DevOpsController\DevOpsController.csproj", "{617B5A74-22B8-461F-BA5B-184ED19C6CD9}"
EndProject
Global
	GlobalSection(SolutionConfigurationPlatforms) = preSolution
		Debug|Any CPU = Debug|Any CPU
		Release|Any CPU = Release|Any CPU
	EndGlobalSection
	GlobalSection(ProjectConfigurationPlatforms) = postSolution
		{F1DDC6FF-0603-4AAB-9830-1B3E02B6CBF2}.Debug|Any CPU.ActiveCfg = Debug|Any CPU
		{F1DDC6FF-0603-4AAB-9830-1B3E02B6CBF2}.Debug|Any CPU.Build.0 = Debug|Any CPU
		{F1DDC6FF-0603-4AAB-9830-1B3E02B6CBF2}.Release|Any CPU.ActiveCfg = Release|Any CPU
		{F1DDC6FF-0603-4AAB-9830-1B3E02B6CBF2}.Release|Any CPU.Build.0 = Release|Any CPU
		{352C51F2-75FB-46BF-A7A1-C456474DB44E}.Debug|Any CPU.ActiveCfg = Debug|Any CPU
		{352C51F2-75FB-46BF-A7A1-C456474DB44E}.Debug|Any CPU.Build.0 = Debug|Any CPU
		{352C51F2-75FB-46BF-A7A1-C456474DB44E}.Release|Any CPU.ActiveCfg = Release|Any CPU
		{352C51F2-75FB-46BF-A7A1-C456474DB44E}.Release|Any CPU.Build.0 = Release|Any CPU
		{617B5A74-22B8-461F-BA5B-184ED19C6CD9}.Debug|Any CPU.ActiveCfg = Debug|Any CPU
		{617B5A74-22B8-461F-BA5B-184ED19C6CD9}.Debug|Any CPU.Build.0 = Debug|Any CPU
		{617B5A74-22B8-461F-BA5B-184ED19C6CD9}.Release|Any CPU.ActiveCfg = Release|Any CPU
		{617B5A74-22B8-461F-BA5B-184ED19C6CD9}.Release|Any CPU.Build.0 = Release|Any CPU
	EndGlobalSection
	GlobalSection(SolutionProperties) = preSolution
		HideSolutionNode = FALSE
	EndGlobalSection
	GlobalSection(ExtensibilityGlobals) = postSolution
		SolutionGuid = {49A10AAE-8232-45B3-842C-AF3952CE7594}
	EndGlobalSection
EndGlobal
